
Microsoft Visual Studio Solution File, Format Version 12.00
# Visual Studio Version 17
VisualStudioVersion = 17.8.34322.80
MinimumVisualStudioVersion = 10.0.40219.1
Project("{FAE04EC0-301F-11D3-BF4B-00C04F79EFBC}") = "WebAppAss", "WebAppAss\WebAppAss.csproj", "{8250F98F-7267-4A2B-AE55-D84831D83C17}"
EndProject
Global
	GlobalSection(SolutionConfigurationPlatforms) = preSolution
		Debug|Any CPU = Debug|Any CPU
		Release|Any CPU = Release|Any CPU
	EndGlobalSection
	GlobalSection(ProjectConfigurationPlatforms) = postSolution
		{8250F98F-7267-4A2B-AE55-D84831D83C17}.Debug|Any CPU.ActiveCfg = Debug|Any CPU
		{8250F98F-7267-4A2B-AE55-D84831D83C17}.Debug|Any CPU.Build.0 = Debug|Any CPU
		{8250F98F-7267-4A2B-AE55-D84831D83C17}.Release|Any CPU.ActiveCfg = Release|Any CPU
		{8250F98F-7267-4A2B-AE55-D84831D83C17}.Release|Any CPU.Build.0 = Release|Any CPU
	EndGlobalSection
	GlobalSection(SolutionProperties) = preSolution
		HideSolutionNode = FALSE
	EndGlobalSection
	GlobalSection(ExtensibilityGlobals) = postSolution
		SolutionGuid = {E9E94EE4-542C-43F2-A862-117036E615E8}
	EndGlobalSection
EndGlobal
